{
  "originHash" : "51c2bfa47350fee0264f05b41b54e358dfab06a325092dce8b3a7549fb521f61",
  "pins" : [
    {
      "identity" : "posthog-ios",
      "kind" : "remoteSourceControl",
      "location" : "https://github.com/PostHog/posthog-ios",
      "state" : {
        "revision" : "ee5b5705b0038f0c44646cde5fe972bb65387596",
        "version" : "3.61.0"
      }
    },
    {
      "identity" : "purchases-ios",
      "kind" : "remoteSourceControl",
      "location" : "https://github.com/RevenueCat/purchases-ios",
      "state" : {
        "revision" : "6935da62be3f33f06ed16e9e49431fe9e10e1426",
        "version" : "5.79.0"
      }
    },
    {
      "identity" : "sentry-cocoa",
      "kind" : "remoteSourceControl",
      "location" : "https://github.com/getsentry/sentry-cocoa",
      "state" : {
        "revision" : "dad229c665bfd043c5d80ac7aa77717cbd19a1c3",
        "version" : "8.58.3"
      }
    },
    {
      "identity" : "sparkle",
      "kind" : "remoteSourceControl",
      "location" : "https://github.com/sparkle-project/Sparkle",
      "state" : {
        "revision" : "d46d456107feacc80711b21847b82b07bd9fb46e",
        "version" : "2.9.3"
      }
    },
    {
      "identity" : "supabase-swift",
      "kind" : "remoteSourceControl",
      "location" : "https://github.com/supabase/supabase-swift",
      "state" : {
        "revision" : "e5020ae5a1d01c46cc60fb5eb01157666d7214b6",
        "version" : "2.48.0"
      }
    },
    {
      "identity" : "swift-argument-parser",
      "kind" : "remoteSourceControl",
      "location" : "https://github.com/apple/swift-argument-parser.git",
      "state" : {
        "revision" : "6a52f3251125d74daf04fcbd5e6f08a75d074382",
        "version" : "1.8.2"
      }
    },
    {
      "identity" : "swift-asn1",
      "kind" : "remoteSourceControl",
      "location" : "https://github.com/apple/swift-asn1.git",
      "state" : {
        "revision" : "a9a5efd40eaf558a2bcd48d64b1d1646be686008",
        "version" : "1.7.1"
      }
    },
    {
      "identity" : "swift-clocks",
      "kind" : "remoteSourceControl",
      "location" : "https://github.com/pointfreeco/swift-clocks",
      "state" : {
        "revision" : "72d749bf341b78851203066ab421869b783ec42a",
        "version" : "1.1.0"
      }
    },
    {
      "identity" : "swift-collections",
      "kind" : "remoteSourceControl",
      "location" : "https://github.com/apple/swift-collections.git",
      "state" : {
        "revision" : "a0cb0954ecb21e4e31b0070e6ed5674e8556685a",
        "version" : "1.6.0"
      }
    },
    {
      "identity" : "swift-concurrency-extras",
      "kind" : "remoteSourceControl",
      "location" : "https://github.com/pointfreeco/swift-concurrency-extras",
      "state" : {
        "revision" : "a90e2e40a7a840a853dd29e57cbef5dbb72c9d5b",
        "version" : "1.4.0"
      }
    },
    {
      "identity" : "swift-crypto",
      "kind" : "remoteSourceControl",
      "location" : "https://github.com/apple/swift-crypto.git",
      "state" : {
        "revision" : "1b6b2e274e85105bfa155183145a1dcfd63331f1",
        "version" : "4.5.0"
      }
    },
    {
      "identity" : "swift-http-types",
      "kind" : "remoteSourceControl",
      "location" : "https://github.com/apple/swift-http-types.git",
      "state" : {
        "revision" : "db774a277f60063a32d854f2980299caf06da041",
        "version" : "1.6.0"
      }
    },
    {
      "identity" : "swift-jinja",
      "kind" : "remoteSourceControl",
      "location" : "https://github.com/huggingface/swift-jinja.git",
      "state" : {
        "revision" : "0b67ecb79139f6addef8699eff3622808aa6c7dc",
        "version" : "2.3.6"
      }
    },
    {
      "identity" : "swift-transformers",
      "kind" : "remoteSourceControl",
      "location" : "https://github.com/huggingface/swift-transformers.git",
      "state" : {
        "revision" : "150169bfba0889c229a2ce7494cf8949f18e6906",
        "version" : "1.1.9"
      }
    },
    {
      "identity" : "whisperkit",
      "kind" : "remoteSourceControl",
      "location" : "https://github.com/argmaxinc/WhisperKit",
      "state" : {
        "revision" : "e2adabbe7d98dc4d0ab9a5b75424ecc42a9cdbef",
        "version" : "0.18.0"
      }
    },
    {
      "identity" : "xctest-dynamic-overlay",
      "kind" : "remoteSourceControl",
      "location" : "https://github.com/pointfreeco/xctest-dynamic-overlay",
      "state" : {
        "revision" : "401bf70d95bfe8db2a1dc619f9e175a85c089321",
        "version" : "1.10.1"
      }
    },
    {
      "identity" : "yyjson",
      "kind" : "remoteSourceControl",
      "location" : "https://github.com/ibireme/yyjson.git",
      "state" : {
        "revision" : "8b4a38dc994a110abaec8a400615567bd996105f",
        "version" : "0.12.0"
      }
    }
  ],
  "version" : 3
}
